
Microsoft Visual Studio Solution File, Format Version 12.00
# Visual Studio Version 17
VisualStudioVersion = 17.6.33829.357
MinimumVisualStudioVersion = 10.0.40219.1
Project("{FAE04EC0-301F-11D3-BF4B-00C04F79EFBC}") = "Blog task", "Blog task\Blog task.csproj", "{11696CF3-E669-419D-BA2C-72D44C96743D}"
EndProject
Global
	GlobalSection(SolutionConfigurationPlatforms) = preSolution
		Debug|Any CPU = Debug|Any CPU
		Release|Any CPU = Release|Any CPU
	EndGlobalSection
	GlobalSection(ProjectConfigurationPlatforms) = postSolution
		{11696CF3-E669-419D-BA2C-72D44C96743D}.Debug|Any CPU.ActiveCfg = Debug|Any CPU
		{11696CF3-E669-419D-BA2C-72D44C96743D}.Debug|Any CPU.Build.0 = Debug|Any CPU
		{11696CF3-E669-419D-BA2C-72D44C96743D}.Release|Any CPU.ActiveCfg = Release|Any CPU
		{11696CF3-E669-419D-BA2C-72D44C96743D}.Release|Any CPU.Build.0 = Release|Any CPU
	EndGlobalSection
	GlobalSection(SolutionProperties) = preSolution
		HideSolutionNode = FALSE
	EndGlobalSection
	GlobalSection(ExtensibilityGlobals) = postSolution
		SolutionGuid = {DB71683C-D621-4AE5-AAB9-3DAB813E901A}
	EndGlobalSection
EndGlobal
